
Microsoft Visual Studio Solution File, Format Version 12.00
# Visual Studio Version 16
VisualStudioVersion = 16.0.30503.244
MinimumVisualStudioVersion = 10.0.40219.1
Project("{FAE04EC0-301F-11D3-BF4B-00C04F79EFBC}") = "StackImplementation", "StackImplementation.csproj", "{9AEA9349-0BF2-4DF4-9BD1-72C5F47396DF}"
EndProject
Global
	GlobalSection(SolutionConfigurationPlatforms) = preSolution
		Debug|Any CPU = Debug|Any CPU
		Release|Any CPU = Release|Any CPU
	EndGlobalSection
	GlobalSection(ProjectConfigurationPlatforms) = postSolution
		{9AEA9349-0BF2-4DF4-9BD1-72C5F47396DF}.Debug|Any CPU.ActiveCfg = Debug|Any CPU
		{9AEA9349-0BF2-4DF4-9BD1-72C5F47396DF}.Debug|Any CPU.Build.0 = Debug|Any CPU
		{9AEA9349-0BF2-4DF4-9BD1-72C5F47396DF}.Release|Any CPU.ActiveCfg = Release|Any CPU
		{9AEA9349-0BF2-4DF4-9BD1-72C5F47396DF}.Release|Any CPU.Build.0 = Release|Any CPU
	EndGlobalSection
	GlobalSection(SolutionProperties) = preSolution
		HideSolutionNode = FALSE
	EndGlobalSection
	GlobalSection(ExtensibilityGlobals) = postSolution
		SolutionGuid = {23FFE0B9-9050-4472-8FE9-0F702BD5956E}
	EndGlobalSection
EndGlobal
